
Microsoft Visual Studio Solution File, Format Version 12.00
# Visual Studio 14
VisualStudioVersion = 14.0.25420.1
MinimumVisualStudioVersion = 10.0.40219.1
Project("{FAE04EC0-301F-11D3-BF4B-00C04F79EFBC}") = "RE_Vaquita", "RE_Vaquita\RE_Vaquita.csproj", "{90AB7E28-C452-4835-821A-3A17E8643D10}"
EndProject
Project("{FAE04EC0-301F-11D3-BF4B-00C04F79EFBC}") = "Orca", "Orca\Orca.csproj", "{FFFB7843-3287-416E-8D81-F6696EB8AED2}"
EndProject
Project("{FAE04EC0-301F-11D3-BF4B-00C04F79EFBC}") = "Vaquita test", "Vaquita test\Vaquita test.csproj", "{35EDDA13-8468-452D-A08E-03F607ECF04C}"
EndProject
Global
	GlobalSection(SolutionConfigurationPlatforms) = preSolution
		Debug|Any CPU = Debug|Any CPU
		Release|Any CPU = Release|Any CPU
	EndGlobalSection
	GlobalSection(ProjectConfigurationPlatforms) = postSolution
		{90AB7E28-C452-4835-821A-3A17E8643D10}.Debug|Any CPU.ActiveCfg = Debug|Any CPU
		{90AB7E28-C452-4835-821A-3A17E8643D10}.Debug|Any CPU.Build.0 = Debug|Any CPU
		{90AB7E28-C452-4835-821A-3A17E8643D10}.Debug|Any CPU.Deploy.0 = Debug|Any CPU
		{90AB7E28-C452-4835-821A-3A17E8643D10}.Release|Any CPU.ActiveCfg = Release|Any CPU
		{90AB7E28-C452-4835-821A-3A17E8643D10}.Release|Any CPU.Build.0 = Release|Any CPU
		{90AB7E28-C452-4835-821A-3A17E8643D10}.Release|Any CPU.Deploy.0 = Release|Any CPU
		{FFFB7843-3287-416E-8D81-F6696EB8AED2}.Debug|Any CPU.ActiveCfg = Debug|Any CPU
		{FFFB7843-3287-416E-8D81-F6696EB8AED2}.Debug|Any CPU.Build.0 = Debug|Any CPU
		{FFFB7843-3287-416E-8D81-F6696EB8AED2}.Release|Any CPU.ActiveCfg = Release|Any CPU
		{FFFB7843-3287-416E-8D81-F6696EB8AED2}.Release|Any CPU.Build.0 = Release|Any CPU
		{35EDDA13-8468-452D-A08E-03F607ECF04C}.Debug|Any CPU.ActiveCfg = Debug|Any CPU
		{35EDDA13-8468-452D-A08E-03F607ECF04C}.Debug|Any CPU.Build.0 = Debug|Any CPU
		{35EDDA13-8468-452D-A08E-03F607ECF04C}.Release|Any CPU.ActiveCfg = Release|Any CPU
		{35EDDA13-8468-452D-A08E-03F607ECF04C}.Release|Any CPU.Build.0 = Release|Any CPU
	EndGlobalSection
	GlobalSection(SolutionProperties) = preSolution
		HideSolutionNode = FALSE
	EndGlobalSection
EndGlobal
